
Microsoft Visual Studio Solution File, Format Version 12.00
# Visual Studio 14
VisualStudioVersion = 14.0.25420.1
MinimumVisualStudioVersion = 10.0.40219.1
Project("{FAE04EC0-301F-11D3-BF4B-00C04F79EFBC}") = "CompanyNetwork", "CompanyNetwork\CompanyNetwork.csproj", "{CD64401C-D68C-42B4-99FF-181B0EB80975}"
EndProject
Project("{FAE04EC0-301F-11D3-BF4B-00C04F79EFBC}") = "CompanyNetwork.Tests", "CompanyNetwork.Tests\CompanyNetwork.Tests.csproj", "{C6A40FA4-129D-4D24-AE18-0E3F475720B0}"
EndProject
Project("{FAE04EC0-301F-11D3-BF4B-00C04F79EFBC}") = "DomenModel", "DomenModel\DomenModel.csproj", "{DA118FAF-7363-4F6F-92FF-D26353E949CA}"
EndProject
Global
	GlobalSection(SolutionConfigurationPlatforms) = preSolution
		Debug|Any CPU = Debug|Any CPU
		Release|Any CPU = Release|Any CPU
	EndGlobalSection
	GlobalSection(ProjectConfigurationPlatforms) = postSolution
		{CD64401C-D68C-42B4-99FF-181B0EB80975}.Debug|Any CPU.ActiveCfg = Debug|Any CPU
		{CD64401C-D68C-42B4-99FF-181B0EB80975}.Debug|Any CPU.Build.0 = Debug|Any CPU
		{CD64401C-D68C-42B4-99FF-181B0EB80975}.Release|Any CPU.ActiveCfg = Release|Any CPU
		{CD64401C-D68C-42B4-99FF-181B0EB80975}.Release|Any CPU.Build.0 = Release|Any CPU
		{C6A40FA4-129D-4D24-AE18-0E3F475720B0}.Debug|Any CPU.ActiveCfg = Debug|Any CPU
		{C6A40FA4-129D-4D24-AE18-0E3F475720B0}.Debug|Any CPU.Build.0 = Debug|Any CPU
		{C6A40FA4-129D-4D24-AE18-0E3F475720B0}.Release|Any CPU.ActiveCfg = Release|Any CPU
		{C6A40FA4-129D-4D24-AE18-0E3F475720B0}.Release|Any CPU.Build.0 = Release|Any CPU
		{DA118FAF-7363-4F6F-92FF-D26353E949CA}.Debug|Any CPU.ActiveCfg = Debug|Any CPU
		{DA118FAF-7363-4F6F-92FF-D26353E949CA}.Debug|Any CPU.Build.0 = Debug|Any CPU
		{DA118FAF-7363-4F6F-92FF-D26353E949CA}.Release|Any CPU.ActiveCfg = Release|Any CPU
		{DA118FAF-7363-4F6F-92FF-D26353E949CA}.Release|Any CPU.Build.0 = Release|Any CPU
	EndGlobalSection
	GlobalSection(SolutionProperties) = preSolution
		HideSolutionNode = FALSE
	EndGlobalSection
EndGlobal
